<Solution>
  <Folder Name="/src/">
    <Project Path="src/Canon.Cli/Canon.Cli.fsproj" />
    <Project Path="src/Canon.Conformance/Canon.Conformance.fsproj" />
    <Project Path="src/Canon.Contracts/Canon.Contracts.fsproj" />
    <Project Path="src/Canon.Core/Canon.Core.fsproj" />

    <Project Path="src/Canon.Emit/Canon.Emit.fsproj" />
    <Project Path="src/Canon.Fable/Canon.Fable.fsproj" />
    <Project Path="src/Canon.Flow/Canon.Flow.fsproj" />
    <Project Path="src/Canon.Introspect/Canon.Introspect.fsproj" />
    <Project Path="src/Canon.SqlHydra/Canon.SqlHydra.fsproj" />
    <Project Path="src/Canon.PgPrism/Canon.PgPrism.fsproj" />
    <Project Path="src/CanonFlow.Assurance.Xp/CanonFlow.Assurance.Xp.fsproj" />
    <Project Path="src/CanonFlow.Assurance/CanonFlow.Assurance.fsproj" />
    <Project Path="src/CanonFlow.Evaluator/CanonFlow.Evaluator.fsproj" />
    <Project Path="src/CanonFlow.Reports/CanonFlow.Reports.fsproj" />
  </Folder>
  <Folder Name="/tests/">
    <Project Path="tests/CanonFlow.Assurance.Tests/CanonFlow.Assurance.Tests.fsproj" />
    <Project Path="tests/CanonFlow.Assurance.Xp.Tests/CanonFlow.Assurance.Xp.Tests.fsproj" />
  </Folder>
  <Folder Name="/tests/integration/">
    <Project Path="tests/integration/Canon.IntegrationTests.fsproj" />
  </Folder>
  <Folder Name="/tests/laws/">
    <Project Path="tests/laws/Canon.Core.Tests.fsproj" />
  </Folder>
</Solution>
